
Microsoft Visual Studio Solution File, Format Version 12.00
# Visual Studio 15
VisualStudioVersion = 15.0.28307.489
MinimumVisualStudioVersion = 10.0.40219.1
Project("{9A19103F-16F7-4668-BE54-9A1E7A4F7556}") = "CalendarDotNet", "CalendarDotNet\CalendarDotNet.csproj", "{35E597A6-CEA6-4BC4-BEBB-86A07D68E0CE}"
EndProject
Global
	GlobalSection(SolutionConfigurationPlatforms) = preSolution
		Debug|Any CPU = Debug|Any CPU
		Release|Any CPU = Release|Any CPU
	EndGlobalSection
	GlobalSection(ProjectConfigurationPlatforms) = postSolution
		{35E597A6-CEA6-4BC4-BEBB-86A07D68E0CE}.Debug|Any CPU.ActiveCfg = Debug|Any CPU
		{35E597A6-CEA6-4BC4-BEBB-86A07D68E0CE}.Debug|Any CPU.Build.0 = Debug|Any CPU
		{35E597A6-CEA6-4BC4-BEBB-86A07D68E0CE}.Release|Any CPU.ActiveCfg = Release|Any CPU
		{35E597A6-CEA6-4BC4-BEBB-86A07D68E0CE}.Release|Any CPU.Build.0 = Release|Any CPU
	EndGlobalSection
	GlobalSection(SolutionProperties) = preSolution
		HideSolutionNode = FALSE
	EndGlobalSection
	GlobalSection(ExtensibilityGlobals) = postSolution
		SolutionGuid = {53BF9693-35E9-4248-BF7B-B2D8FB63568C}
	EndGlobalSection
EndGlobal
